
Microsoft Visual Studio Solution File, Format Version 12.00
# Visual Studio Version 16
VisualStudioVersion = 16.0.29201.188
MinimumVisualStudioVersion = 10.0.40219.1
Project("{FAE04EC0-301F-11D3-BF4B-00C04F79EFBC}") = "E-Commerce.API", "E-Commerce.API\E-Commerce.API.csproj", "{08EBBD2F-B17D-4E02-AF12-51CCA7308214}"
EndProject
Project("{2150E333-8FDC-42A3-9474-1A3956D46DE8}") = "Src", "Src", "{162F0D29-73E6-46D7-9B78-7AF45E660C22}"
EndProject
Project("{2150E333-8FDC-42A3-9474-1A3956D46DE8}") = "Docs", "Docs", "{A43E7CE8-714B-4462-8E74-5D62A3C0D8A9}"
EndProject
Project("{2150E333-8FDC-42A3-9474-1A3956D46DE8}") = "Tests", "Tests", "{8C275EAF-106C-44EC-B5A8-1F43E8086405}"
EndProject
Project("{2150E333-8FDC-42A3-9474-1A3956D46DE8}") = "Common", "Common", "{C23401EA-07AD-4FC7-984F-E20F07FFF7A9}"
EndProject
Project("{FAE04EC0-301F-11D3-BF4B-00C04F79EFBC}") = "E-Commerce.Common", "E-Commerce.Common\E-Commerce.Common.csproj", "{A422F702-C767-498F-BE3B-350F78264C25}"
EndProject
Project("{2150E333-8FDC-42A3-9474-1A3956D46DE8}") = "Core", "Core", "{8B65CAE6-8486-47D4-BB8C-57BB2C8834CF}"
EndProject
Project("{2150E333-8FDC-42A3-9474-1A3956D46DE8}") = "Infrastructure", "Infrastructure", "{2C63C66A-E9D0-4759-A8EC-7912B326978F}"
EndProject
Project("{2150E333-8FDC-42A3-9474-1A3956D46DE8}") = "Presentation", "Presentation", "{009A972A-39C0-49A4-BAAA-A4398D3F337D}"
EndProject
Project("{FAE04EC0-301F-11D3-BF4B-00C04F79EFBC}") = "E-Commerce.Application", "E-Commerce.Application\E-Commerce.Application.csproj", "{2F52F729-5A27-4BBB-A73C-686A1F6632FC}"
EndProject
Project("{FAE04EC0-301F-11D3-BF4B-00C04F79EFBC}") = "E-Commerce.Domain", "E-Commerce.Domain\E-Commerce.Domain.csproj", "{48D57C3D-1AC9-4DFF-A5EC-C996FE3F64BB}"
EndProject
Project("{FAE04EC0-301F-11D3-BF4B-00C04F79EFBC}") = "E-Commerce.Infrastructure", "E-Commerce.Infrastructure\E-Commerce.Infrastructure.csproj", "{2DA56ACB-D7A5-4386-BD0C-7C9476564DD4}"
EndProject
Project("{FAE04EC0-301F-11D3-BF4B-00C04F79EFBC}") = "E-Commerce.Persistence", "E-Commerce.Persistence\E-Commerce.Persistence.csproj", "{AF791858-4DB0-4DFC-A3A8-AB0F4C1DF93A}"
EndProject
Project("{FAE04EC0-301F-11D3-BF4B-00C04F79EFBC}") = "E-Commerce.Application.Tests", "E-Commerce.Application.Tests\E-Commerce.Application.Tests.csproj", "{078B8610-FAA6-4526-8DE3-BBF72F84A181}"
EndProject
Project("{FAE04EC0-301F-11D3-BF4B-00C04F79EFBC}") = "E-Commerce.Domain.Tests", "E-Commerce.Domain.Tests\E-Commerce.Domain.Tests.csproj", "{28EA3C76-65DC-4022-B977-58A4B8B5A079}"
EndProject
Global
	GlobalSection(SolutionConfigurationPlatforms) = preSolution
		Debug|Any CPU = Debug|Any CPU
		Release|Any CPU = Release|Any CPU
	EndGlobalSection
	GlobalSection(ProjectConfigurationPlatforms) = postSolution
		{08EBBD2F-B17D-4E02-AF12-51CCA7308214}.Debug|Any CPU.ActiveCfg = Debug|Any CPU
		{08EBBD2F-B17D-4E02-AF12-51CCA7308214}.Debug|Any CPU.Build.0 = Debug|Any CPU
		{08EBBD2F-B17D-4E02-AF12-51CCA7308214}.Release|Any CPU.ActiveCfg = Release|Any CPU
		{08EBBD2F-B17D-4E02-AF12-51CCA7308214}.Release|Any CPU.Build.0 = Release|Any CPU
		{A422F702-C767-498F-BE3B-350F78264C25}.Debug|Any CPU.ActiveCfg = Debug|Any CPU
		{A422F702-C767-498F-BE3B-350F78264C25}.Debug|Any CPU.Build.0 = Debug|Any CPU
		{A422F702-C767-498F-BE3B-350F78264C25}.Release|Any CPU.ActiveCfg = Release|Any CPU
		{A422F702-C767-498F-BE3B-350F78264C25}.Release|Any CPU.Build.0 = Release|Any CPU
		{2F52F729-5A27-4BBB-A73C-686A1F6632FC}.Debug|Any CPU.ActiveCfg = Debug|Any CPU
		{2F52F729-5A27-4BBB-A73C-686A1F6632FC}.Debug|Any CPU.Build.0 = Debug|Any CPU
		{2F52F729-5A27-4BBB-A73C-686A1F6632FC}.Release|Any CPU.ActiveCfg = Release|Any CPU
		{2F52F729-5A27-4BBB-A73C-686A1F6632FC}.Release|Any CPU.Build.0 = Release|Any CPU
		{48D57C3D-1AC9-4DFF-A5EC-C996FE3F64BB}.Debug|Any CPU.ActiveCfg = Debug|Any CPU
		{48D57C3D-1AC9-4DFF-A5EC-C996FE3F64BB}.Debug|Any CPU.Build.0 = Debug|Any CPU
		{48D57C3D-1AC9-4DFF-A5EC-C996FE3F64BB}.Release|Any CPU.ActiveCfg = Release|Any CPU
		{48D57C3D-1AC9-4DFF-A5EC-C996FE3F64BB}.Release|Any CPU.Build.0 = Release|Any CPU
		{2DA56ACB-D7A5-4386-BD0C-7C9476564DD4}.Debug|Any CPU.ActiveCfg = Debug|Any CPU
		{2DA56ACB-D7A5-4386-BD0C-7C9476564DD4}.Debug|Any CPU.Build.0 = Debug|Any CPU
		{2DA56ACB-D7A5-4386-BD0C-7C9476564DD4}.Release|Any CPU.ActiveCfg = Release|Any CPU
		{2DA56ACB-D7A5-4386-BD0C-7C9476564DD4}.Release|Any CPU.Build.0 = Release|Any CPU
		{AF791858-4DB0-4DFC-A3A8-AB0F4C1DF93A}.Debug|Any CPU.ActiveCfg = Debug|Any CPU
		{AF791858-4DB0-4DFC-A3A8-AB0F4C1DF93A}.Debug|Any CPU.Build.0 = Debug|Any CPU
		{AF791858-4DB0-4DFC-A3A8-AB0F4C1DF93A}.Release|Any CPU.ActiveCfg = Release|Any CPU
		{AF791858-4DB0-4DFC-A3A8-AB0F4C1DF93A}.Release|Any CPU.Build.0 = Release|Any CPU
		{078B8610-FAA6-4526-8DE3-BBF72F84A181}.Debug|Any CPU.ActiveCfg = Debug|Any CPU
		{078B8610-FAA6-4526-8DE3-BBF72F84A181}.Debug|Any CPU.Build.0 = Debug|Any CPU
		{078B8610-FAA6-4526-8DE3-BBF72F84A181}.Release|Any CPU.ActiveCfg = Release|Any CPU
		{078B8610-FAA6-4526-8DE3-BBF72F84A181}.Release|Any CPU.Build.0 = Release|Any CPU
		{28EA3C76-65DC-4022-B977-58A4B8B5A079}.Debug|Any CPU.ActiveCfg = Debug|Any CPU
		{28EA3C76-65DC-4022-B977-58A4B8B5A079}.Debug|Any CPU.Build.0 = Debug|Any CPU
		{28EA3C76-65DC-4022-B977-58A4B8B5A079}.Release|Any CPU.ActiveCfg = Release|Any CPU
		{28EA3C76-65DC-4022-B977-58A4B8B5A079}.Release|Any CPU.Build.0 = Release|Any CPU
	EndGlobalSection
	GlobalSection(SolutionProperties) = preSolution
		HideSolutionNode = FALSE
	EndGlobalSection
	GlobalSection(NestedProjects) = preSolution
		{08EBBD2F-B17D-4E02-AF12-51CCA7308214} = {009A972A-39C0-49A4-BAAA-A4398D3F337D}
		{C23401EA-07AD-4FC7-984F-E20F07FFF7A9} = {162F0D29-73E6-46D7-9B78-7AF45E660C22}
		{A422F702-C767-498F-BE3B-350F78264C25} = {C23401EA-07AD-4FC7-984F-E20F07FFF7A9}
		{8B65CAE6-8486-47D4-BB8C-57BB2C8834CF} = {162F0D29-73E6-46D7-9B78-7AF45E660C22}
		{2C63C66A-E9D0-4759-A8EC-7912B326978F} = {162F0D29-73E6-46D7-9B78-7AF45E660C22}
		{009A972A-39C0-49A4-BAAA-A4398D3F337D} = {162F0D29-73E6-46D7-9B78-7AF45E660C22}
		{2F52F729-5A27-4BBB-A73C-686A1F6632FC} = {8B65CAE6-8486-47D4-BB8C-57BB2C8834CF}
		{48D57C3D-1AC9-4DFF-A5EC-C996FE3F64BB} = {8B65CAE6-8486-47D4-BB8C-57BB2C8834CF}
		{2DA56ACB-D7A5-4386-BD0C-7C9476564DD4} = {2C63C66A-E9D0-4759-A8EC-7912B326978F}
		{AF791858-4DB0-4DFC-A3A8-AB0F4C1DF93A} = {2C63C66A-E9D0-4759-A8EC-7912B326978F}
		{078B8610-FAA6-4526-8DE3-BBF72F84A181} = {8C275EAF-106C-44EC-B5A8-1F43E8086405}
		{28EA3C76-65DC-4022-B977-58A4B8B5A079} = {8C275EAF-106C-44EC-B5A8-1F43E8086405}
	EndGlobalSection
	GlobalSection(ExtensibilityGlobals) = postSolution
		SolutionGuid = {3C54DA3E-F3B4-4A47-A9F4-8E829856E41F}
	EndGlobalSection
EndGlobal
